
Microsoft Visual Studio Solution File, Format Version 12.00
# Visual Studio Version 17
VisualStudioVersion = 17.3.32929.385
MinimumVisualStudioVersion = 10.0.40219.1
Project("{FAE04EC0-301F-11D3-BF4B-00C04F79EFBC}") = "latihan 3", "latihan 3\latihan 3.csproj", "{B6FAFCF9-57E3-4699-B07B-E40F25A8A0EC}"
EndProject
Global
	GlobalSection(SolutionConfigurationPlatforms) = preSolution
		Debug|Any CPU = Debug|Any CPU
		Release|Any CPU = Release|Any CPU
	EndGlobalSection
	GlobalSection(ProjectConfigurationPlatforms) = postSolution
		{B6FAFCF9-57E3-4699-B07B-E40F25A8A0EC}.Debug|Any CPU.ActiveCfg = Debug|Any CPU
		{B6FAFCF9-57E3-4699-B07B-E40F25A8A0EC}.Debug|Any CPU.Build.0 = Debug|Any CPU
		{B6FAFCF9-57E3-4699-B07B-E40F25A8A0EC}.Release|Any CPU.ActiveCfg = Release|Any CPU
		{B6FAFCF9-57E3-4699-B07B-E40F25A8A0EC}.Release|Any CPU.Build.0 = Release|Any CPU
	EndGlobalSection
	GlobalSection(SolutionProperties) = preSolution
		HideSolutionNode = FALSE
	EndGlobalSection
	GlobalSection(ExtensibilityGlobals) = postSolution
		SolutionGuid = {497B4C46-EAF8-4B1C-8A55-55076492497B}
	EndGlobalSection
EndGlobal
